
Microsoft Visual Studio Solution File, Format Version 12.00
# Visual Studio Version 17
VisualStudioVersion = 17.0.31903.59
MinimumVisualStudioVersion = 10.0.40219.1
Project("{2150E333-8FDC-42A3-9474-1A3956D46DE8}") = "Core", "Core", "{6779F7C6-3F9E-4088-90C1-71AACDB484EA}"
EndProject
Project("{2150E333-8FDC-42A3-9474-1A3956D46DE8}") = "Infrastructure", "Infrastructure", "{254A0BD7-3968-4701-A91E-130D6EDFEF6C}"
EndProject
Project("{2150E333-8FDC-42A3-9474-1A3956D46DE8}") = "Presentation", "Presentation", "{EC39D032-E98A-42BD-B2C2-439B9CCCCE43}"
EndProject
Project("{2150E333-8FDC-42A3-9474-1A3956D46DE8}") = "Shared", "Shared", "{7A7E99F2-3E5A-4A5D-9261-0488B20928BD}"
EndProject
Project("{9A19103F-16F7-4668-BE54-9A1E7A4F7556}") = "RuleBuilderInfra.Application", "Application\RuleBuilderInfra.Application.csproj", "{53475D97-2A0F-4A8E-82C3-3222975811D2}"
EndProject
Project("{9A19103F-16F7-4668-BE54-9A1E7A4F7556}") = "RuleBuilderInfra.Domain", "Domain\RuleBuilderInfra.Domain.csproj", "{E1C50C76-EE49-4094-B66D-FD13FEF27F26}"
EndProject
Project("{9A19103F-16F7-4668-BE54-9A1E7A4F7556}") = "RuleBuilderInfra.Infrastructure", "RuleBuilderInfra.Infrastructure\RuleBuilderInfra.Infrastructure.csproj", "{E6568F20-2F1A-4F5F-A897-DDB8D79A56C9}"
EndProject
Project("{9A19103F-16F7-4668-BE54-9A1E7A4F7556}") = "RuleBuilderInfra.Persistence", "RuleBuilderInfra.Persistence\RuleBuilderInfra.Persistence.csproj", "{EEFF36DD-BEAA-4D71-9BB6-37E676E8CD2D}"
EndProject
Project("{9A19103F-16F7-4668-BE54-9A1E7A4F7556}") = "RuleBuilderInfra.WebAPI", "RuleBuilderInfra.WebAPI\RuleBuilderInfra.WebAPI.csproj", "{62FD37B1-5530-4031-A6FE-BBB9610ADA24}"
EndProject
Project("{9A19103F-16F7-4668-BE54-9A1E7A4F7556}") = "Shared", "Shared\Shared.csproj", "{D6225706-AD59-48C0-8ECC-1C19075083C3}"
EndProject
Project("{9A19103F-16F7-4668-BE54-9A1E7A4F7556}") = "ApplicationTest", "ApplicationTest\ApplicationTest.csproj", "{4CAB4C92-C298-4E49-B774-FC46D3ED6F64}"
EndProject
Global
	GlobalSection(SolutionConfigurationPlatforms) = preSolution
		Debug|Any CPU = Debug|Any CPU
		Release|Any CPU = Release|Any CPU
	EndGlobalSection
	GlobalSection(ProjectConfigurationPlatforms) = postSolution
		{53475D97-2A0F-4A8E-82C3-3222975811D2}.Debug|Any CPU.ActiveCfg = Debug|Any CPU
		{53475D97-2A0F-4A8E-82C3-3222975811D2}.Debug|Any CPU.Build.0 = Debug|Any CPU
		{53475D97-2A0F-4A8E-82C3-3222975811D2}.Release|Any CPU.ActiveCfg = Release|Any CPU
		{53475D97-2A0F-4A8E-82C3-3222975811D2}.Release|Any CPU.Build.0 = Release|Any CPU
		{E1C50C76-EE49-4094-B66D-FD13FEF27F26}.Debug|Any CPU.ActiveCfg = Debug|Any CPU
		{E1C50C76-EE49-4094-B66D-FD13FEF27F26}.Debug|Any CPU.Build.0 = Debug|Any CPU
		{E1C50C76-EE49-4094-B66D-FD13FEF27F26}.Release|Any CPU.ActiveCfg = Release|Any CPU
		{E1C50C76-EE49-4094-B66D-FD13FEF27F26}.Release|Any CPU.Build.0 = Release|Any CPU
		{E6568F20-2F1A-4F5F-A897-DDB8D79A56C9}.Debug|Any CPU.ActiveCfg = Debug|Any CPU
		{E6568F20-2F1A-4F5F-A897-DDB8D79A56C9}.Debug|Any CPU.Build.0 = Debug|Any CPU
		{E6568F20-2F1A-4F5F-A897-DDB8D79A56C9}.Release|Any CPU.ActiveCfg = Release|Any CPU
		{E6568F20-2F1A-4F5F-A897-DDB8D79A56C9}.Release|Any CPU.Build.0 = Release|Any CPU
		{EEFF36DD-BEAA-4D71-9BB6-37E676E8CD2D}.Debug|Any CPU.ActiveCfg = Debug|Any CPU
		{EEFF36DD-BEAA-4D71-9BB6-37E676E8CD2D}.Debug|Any CPU.Build.0 = Debug|Any CPU
		{EEFF36DD-BEAA-4D71-9BB6-37E676E8CD2D}.Release|Any CPU.ActiveCfg = Release|Any CPU
		{EEFF36DD-BEAA-4D71-9BB6-37E676E8CD2D}.Release|Any CPU.Build.0 = Release|Any CPU
		{62FD37B1-5530-4031-A6FE-BBB9610ADA24}.Debug|Any CPU.ActiveCfg = Debug|Any CPU
		{62FD37B1-5530-4031-A6FE-BBB9610ADA24}.Debug|Any CPU.Build.0 = Debug|Any CPU
		{62FD37B1-5530-4031-A6FE-BBB9610ADA24}.Release|Any CPU.ActiveCfg = Release|Any CPU
		{62FD37B1-5530-4031-A6FE-BBB9610ADA24}.Release|Any CPU.Build.0 = Release|Any CPU
		{D6225706-AD59-48C0-8ECC-1C19075083C3}.Debug|Any CPU.ActiveCfg = Debug|Any CPU
		{D6225706-AD59-48C0-8ECC-1C19075083C3}.Debug|Any CPU.Build.0 = Debug|Any CPU
		{D6225706-AD59-48C0-8ECC-1C19075083C3}.Release|Any CPU.ActiveCfg = Release|Any CPU
		{D6225706-AD59-48C0-8ECC-1C19075083C3}.Release|Any CPU.Build.0 = Release|Any CPU
		{4CAB4C92-C298-4E49-B774-FC46D3ED6F64}.Debug|Any CPU.ActiveCfg = Debug|Any CPU
		{4CAB4C92-C298-4E49-B774-FC46D3ED6F64}.Debug|Any CPU.Build.0 = Debug|Any CPU
		{4CAB4C92-C298-4E49-B774-FC46D3ED6F64}.Release|Any CPU.ActiveCfg = Release|Any CPU
		{4CAB4C92-C298-4E49-B774-FC46D3ED6F64}.Release|Any CPU.Build.0 = Release|Any CPU
	EndGlobalSection
	GlobalSection(SolutionProperties) = preSolution
		HideSolutionNode = FALSE
	EndGlobalSection
	GlobalSection(NestedProjects) = preSolution
		{53475D97-2A0F-4A8E-82C3-3222975811D2} = {6779F7C6-3F9E-4088-90C1-71AACDB484EA}
		{E1C50C76-EE49-4094-B66D-FD13FEF27F26} = {6779F7C6-3F9E-4088-90C1-71AACDB484EA}
		{E6568F20-2F1A-4F5F-A897-DDB8D79A56C9} = {254A0BD7-3968-4701-A91E-130D6EDFEF6C}
		{EEFF36DD-BEAA-4D71-9BB6-37E676E8CD2D} = {254A0BD7-3968-4701-A91E-130D6EDFEF6C}
		{62FD37B1-5530-4031-A6FE-BBB9610ADA24} = {EC39D032-E98A-42BD-B2C2-439B9CCCCE43}
		{D6225706-AD59-48C0-8ECC-1C19075083C3} = {7A7E99F2-3E5A-4A5D-9261-0488B20928BD}
		{4CAB4C92-C298-4E49-B774-FC46D3ED6F64} = {6779F7C6-3F9E-4088-90C1-71AACDB484EA}
	EndGlobalSection
	GlobalSection(ExtensibilityGlobals) = postSolution
		SolutionGuid = {5E3BF8FE-33A3-40FF-BCD9-6EB214AD665D}
	EndGlobalSection
EndGlobal
